// !$*UTF8*$!
{
	archiveVersion = 1;
	classes = {
	};
	objectVersion = 55;
	objects = {

/* Begin PBXBuildFile section */
		D22135DD28007EA60003FDD4 /* FavoritePokemonManager.swift in Sources */ = {isa = PBXBuildFile; fileRef = D22135DC28007EA60003FDD4 /* FavoritePokemonManager.swift */; };
		D27AE3B427DB626400A879C4 /* AppDelegate.swift in Sources */ = {isa = PBXBuildFile; fileRef = D27AE3B327DB626400A879C4 /* AppDelegate.swift */; };
		D27AE3B627DB626400A879C4 /* SceneDelegate.swift in Sources */ = {isa = PBXBuildFile; fileRef = D27AE3B527DB626400A879C4 /* SceneDelegate.swift */; };
		D27AE3BB27DB626400A879C4 /* Main.storyboard in Resources */ = {isa = PBXBuildFile; fileRef = D27AE3B927DB626400A879C4 /* Main.storyboard */; };
		D27AE3BD27DB626500A879C4 /* Assets.xcassets in Resources */ = {isa = PBXBuildFile; fileRef = D27AE3BC27DB626500A879C4 /* Assets.xcassets */; };
		D27AE3C027DB626500A879C4 /* LaunchScreen.storyboard in Resources */ = {isa = PBXBuildFile; fileRef = D27AE3BE27DB626500A879C4 /* LaunchScreen.storyboard */; };
		D2A7755927E34CE300F3515B /* PokemonListViewController.swift in Sources */ = {isa = PBXBuildFile; fileRef = D2A7755827E34CE300F3515B /* PokemonListViewController.swift */; };
		D2AB50D127F6042C00D9C0D7 /* PokemonDetailScreenController.swift in Sources */ = {isa = PBXBuildFile; fileRef = D2AB50D027F6042C00D9C0D7 /* PokemonDetailScreenController.swift */; };
		D2C11BB827FC7A4B00C791AA /* PokemonScreenDisplay.swift in Sources */ = {isa = PBXBuildFile; fileRef = D2C11BB727FC7A4B00C791AA /* PokemonScreenDisplay.swift */; };
		D2C425A327E777C500A7F333 /* PokemonManager.swift in Sources */ = {isa = PBXBuildFile; fileRef = D2C425A027E777C500A7F333 /* PokemonManager.swift */; };
		D2C425A427E777C500A7F333 /* PokemonData.swift in Sources */ = {isa = PBXBuildFile; fileRef = D2C425A127E777C500A7F333 /* PokemonData.swift */; };
		D2C425A527E777C500A7F333 /* PokemonModel.swift in Sources */ = {isa = PBXBuildFile; fileRef = D2C425A227E777C500A7F333 /* PokemonModel.swift */; };
		D2C425A827E7DC3900A7F333 /* PokemonCell.swift in Sources */ = {isa = PBXBuildFile; fileRef = D2C425A627E7DC3900A7F333 /* PokemonCell.swift */; };
		D2C425A927E7DC3900A7F333 /* PokemonCell.xib in Resources */ = {isa = PBXBuildFile; fileRef = D2C425A727E7DC3900A7F333 /* PokemonCell.xib */; };
		D2D446EA27E762D6002ADAB3 /* AppConstants.swift in Sources */ = {isa = PBXBuildFile; fileRef = D2D446E927E762D6002ADAB3 /* AppConstants.swift */; };
/* End PBXBuildFile section */

/* Begin PBXFileReference section */
		D22135DC28007EA60003FDD4 /* FavoritePokemonManager.swift */ = {isa = PBXFileReference; lastKnownFileType = sourcecode.swift; path = FavoritePokemonManager.swift; sourceTree = "<group>"; };
		D27AE3B027DB626400A879C4 /* Leandro_PokedexApp.app */ = {isa = PBXFileReference; explicitFileType = wrapper.application; includeInIndex = 0; path = Leandro_PokedexApp.app; sourceTree = BUILT_PRODUCTS_DIR; };
		D27AE3B327DB626400A879C4 /* AppDelegate.swift */ = {isa = PBXFileReference; lastKnownFileType = sourcecode.swift; path = AppDelegate.swift; sourceTree = "<group>"; };
		D27AE3B527DB626400A879C4 /* SceneDelegate.swift */ = {isa = PBXFileReference; lastKnownFileType = sourcecode.swift; path = SceneDelegate.swift; sourceTree = "<group>"; };
		D27AE3BA27DB626400A879C4 /* Base */ = {isa = PBXFileReference; lastKnownFileType = file.storyboard; name = Base; path = Base.lproj/Main.storyboard; sourceTree = "<group>"; };
		D27AE3BC27DB626500A879C4 /* Assets.xcassets */ = {isa = PBXFileReference; lastKnownFileType = folder.assetcatalog; path = Assets.xcassets; sourceTree = "<group>"; };
		D27AE3BF27DB626500A879C4 /* Base */ = {isa = PBXFileReference; lastKnownFileType = file.storyboard; name = Base; path = Base.lproj/LaunchScreen.storyboard; sourceTree = "<group>"; };
		D27AE3C127DB626500A879C4 /* Info.plist */ = {isa = PBXFileReference; lastKnownFileType = text.plist.xml; path = Info.plist; sourceTree = "<group>"; };
		D2A7755827E34CE300F3515B /* PokemonListViewController.swift */ = {isa = PBXFileReference; lastKnownFileType = sourcecode.swift; path = PokemonListViewController.swift; sourceTree = "<group>"; };
		D2AB50D027F6042C00D9C0D7 /* PokemonDetailScreenController.swift */ = {isa = PBXFileReference; lastKnownFileType = sourcecode.swift; path = PokemonDetailScreenController.swift; sourceTree = "<group>"; };
		D2C11BB727FC7A4B00C791AA /* PokemonScreenDisplay.swift */ = {isa = PBXFileReference; lastKnownFileType = sourcecode.swift; path = PokemonScreenDisplay.swift; sourceTree = "<group>"; };
		D2C425A027E777C500A7F333 /* PokemonManager.swift */ = {isa = PBXFileReference; fileEncoding = 4; lastKnownFileType = sourcecode.swift; path = PokemonManager.swift; sourceTree = "<group>"; };
		D2C425A127E777C500A7F333 /* PokemonData.swift */ = {isa = PBXFileReference; fileEncoding = 4; lastKnownFileType = sourcecode.swift; path = PokemonData.swift; sourceTree = "<group>"; };
		D2C425A227E777C500A7F333 /* PokemonModel.swift */ = {isa = PBXFileReference; fileEncoding = 4; lastKnownFileType = sourcecode.swift; path = PokemonModel.swift; sourceTree = "<group>"; };
		D2C425A627E7DC3900A7F333 /* PokemonCell.swift */ = {isa = PBXFileReference; lastKnownFileType = sourcecode.swift; path = PokemonCell.swift; sourceTree = "<group>"; };
		D2C425A727E7DC3900A7F333 /* PokemonCell.xib */ = {isa = PBXFileReference; lastKnownFileType = file.xib; path = PokemonCell.xib; sourceTree = "<group>"; };
		D2D446E927E762D6002ADAB3 /* AppConstants.swift */ = {isa = PBXFileReference; lastKnownFileType = sourcecode.swift; path = AppConstants.swift; sourceTree = "<group>"; };
/* End PBXFileReference section */

/* Begin PBXFrameworksBuildPhase section */
		D27AE3AD27DB626400A879C4 /* Frameworks */ = {
			isa = PBXFrameworksBuildPhase;
			buildActionMask = 2147483647;
			files = (
			);
			runOnlyForDeploymentPostprocessing = 0;
		};
/* End PBXFrameworksBuildPhase section */

/* Begin PBXGroup section */
		D27AE3A727DB626400A879C4 = {
			isa = PBXGroup;
			children = (
				D27AE3B227DB626400A879C4 /* Leandro_PokedexApp */,
				D27AE3B127DB626400A879C4 /* Products */,
			);
			sourceTree = "<group>";
		};
		D27AE3B127DB626400A879C4 /* Products */ = {
			isa = PBXGroup;
			children = (
				D27AE3B027DB626400A879C4 /* Leandro_PokedexApp.app */,
			);
			name = Products;
			sourceTree = "<group>";
		};
		D27AE3B227DB626400A879C4 /* Leandro_PokedexApp */ = {
			isa = PBXGroup;
			children = (
				D27AE3B327DB626400A879C4 /* AppDelegate.swift */,
				D27AE3B527DB626400A879C4 /* SceneDelegate.swift */,
				D27AE3C927DB6E7600A879C4 /* Models */,
				D27AE3C727DB6E4F00A879C4 /* Controllers */,
				D27AE3C827DB6E6000A879C4 /* Views */,
				D27AE3C127DB626500A879C4 /* Info.plist */,
				D2D446EB27E762EE002ADAB3 /* Supporting Files */,
			);
			path = Leandro_PokedexApp;
			sourceTree = "<group>";
		};
		D27AE3C727DB6E4F00A879C4 /* Controllers */ = {
			isa = PBXGroup;
			children = (
				D2A7755827E34CE300F3515B /* PokemonListViewController.swift */,
				D2AB50D027F6042C00D9C0D7 /* PokemonDetailScreenController.swift */,
				D22135DC28007EA60003FDD4 /* FavoritePokemonManager.swift */,
			);
			path = Controllers;
			sourceTree = "<group>";
		};
		D27AE3C827DB6E6000A879C4 /* Views */ = {
			isa = PBXGroup;
			children = (
				D27AE3BE27DB626500A879C4 /* LaunchScreen.storyboard */,
				D27AE3B927DB626400A879C4 /* Main.storyboard */,
				D2C425A727E7DC3900A7F333 /* PokemonCell.xib */,
			);
			path = Views;
			sourceTree = "<group>";
		};
		D27AE3C927DB6E7600A879C4 /* Models */ = {
			isa = PBXGroup;
			children = (
				D2C425A127E777C500A7F333 /* PokemonData.swift */,
				D2C425A027E777C500A7F333 /* PokemonManager.swift */,
				D2C425A227E777C500A7F333 /* PokemonModel.swift */,
			);
			path = Models;
			sourceTree = "<group>";
		};
		D2D446EB27E762EE002ADAB3 /* Supporting Files */ = {
			isa = PBXGroup;
			children = (
				D2C11BB727FC7A4B00C791AA /* PokemonScreenDisplay.swift */,
				D2D446E927E762D6002ADAB3 /* AppConstants.swift */,
				D2C425A627E7DC3900A7F333 /* PokemonCell.swift */,
				D27AE3BC27DB626500A879C4 /* Assets.xcassets */,
			);
			path = "Supporting Files";
			sourceTree = "<group>";
		};
/* End PBXGroup section */

/* Begin PBXNativeTarget section */
		D27AE3AF27DB626400A879C4 /* Leandro_PokedexApp */ = {
			isa = PBXNativeTarget;
			buildConfigurationList = D27AE3C427DB626500A879C4 /* Build configuration list for PBXNativeTarget "Leandro_PokedexApp" */;
			buildPhases = (
				D27AE3AC27DB626400A879C4 /* Sources */,
				D27AE3AD27DB626400A879C4 /* Frameworks */,
				D27AE3AE27DB626400A879C4 /* Resources */,
			);
			buildRules = (
			);
			dependencies = (
			);
			name = Leandro_PokedexApp;
			productName = Leandro_PokedexApp;
			productReference = D27AE3B027DB626400A879C4 /* Leandro_PokedexApp.app */;
			productType = "com.apple.product-type.application";
		};
/* End PBXNativeTarget section */

/* Begin PBXProject section */
		D27AE3A827DB626400A879C4 /* Project object */ = {
			isa = PBXProject;
			attributes = {
				BuildIndependentTargetsInParallel = 1;
				LastSwiftUpdateCheck = 1320;
				LastUpgradeCheck = 1320;
				TargetAttributes = {
					D27AE3AF27DB626400A879C4 = {
						CreatedOnToolsVersion = 13.2.1;
					};
				};
			};
			buildConfigurationList = D27AE3AB27DB626400A879C4 /* Build configuration list for PBXProject "Leandro_PokedexApp" */;
			compatibilityVersion = "Xcode 13.0";
			developmentRegion = en;
			hasScannedForEncodings = 0;
			knownRegions = (
				en,
				Base,
			);
			mainGroup = D27AE3A727DB626400A879C4;
			productRefGroup = D27AE3B127DB626400A879C4 /* Products */;
			projectDirPath = "";
			projectRoot = "";
			targets = (
				D27AE3AF27DB626400A879C4 /* Leandro_PokedexApp */,
			);
		};
/* End PBXProject section */

/* Begin PBXResourcesBuildPhase section */
		D27AE3AE27DB626400A879C4 /* Resources */ = {
			isa = PBXResourcesBuildPhase;
			buildActionMask = 2147483647;
			files = (
				D27AE3C027DB626500A879C4 /* LaunchScreen.storyboard in Resources */,
				D2C425A927E7DC3900A7F333 /* PokemonCell.xib in Resources */,
				D27AE3BD27DB626500A879C4 /* Assets.xcassets in Resources */,
				D27AE3BB27DB626400A879C4 /* Main.storyboard in Resources */,
			);
			runOnlyForDeploymentPostprocessing = 0;
		};
/* End PBXResourcesBuildPhase section */

/* Begin PBXSourcesBuildPhase section */
		D27AE3AC27DB626400A879C4 /* Sources */ = {
			isa = PBXSourcesBuildPhase;
			buildActionMask = 2147483647;
			files = (
				D2D446EA27E762D6002ADAB3 /* AppConstants.swift in Sources */,
				D2C425A427E777C500A7F333 /* PokemonData.swift in Sources */,
				D22135DD28007EA60003FDD4 /* FavoritePokemonManager.swift in Sources */,
				D27AE3B427DB626400A879C4 /* AppDelegate.swift in Sources */,
				D2C425A327E777C500A7F333 /* PokemonManager.swift in Sources */,
				D2C425A527E777C500A7F333 /* PokemonModel.swift in Sources */,
				D2AB50D127F6042C00D9C0D7 /* PokemonDetailScreenController.swift in Sources */,
				D2C425A827E7DC3900A7F333 /* PokemonCell.swift in Sources */,
				D2A7755927E34CE300F3515B /* PokemonListViewController.swift in Sources */,
				D2C11BB827FC7A4B00C791AA /* PokemonScreenDisplay.swift in Sources */,
				D27AE3B627DB626400A879C4 /* SceneDelegate.swift in Sources */,
			);
			runOnlyForDeploymentPostprocessing = 0;
		};
/* End PBXSourcesBuildPhase section */

/* Begin PBXVariantGroup section */
		D27AE3B927DB626400A879C4 /* Main.storyboard */ = {
			isa = PBXVariantGroup;
			children = (
				D27AE3BA27DB626400A879C4 /* Base */,
			);
			name = Main.storyboard;
			sourceTree = "<group>";
		};
		D27AE3BE27DB626500A879C4 /* LaunchScreen.storyboard */ = {
			isa = PBXVariantGroup;
			children = (
				D27AE3BF27DB626500A879C4 /* Base */,
			);
			name = LaunchScreen.storyboard;
			sourceTree = "<group>";
		};
/* End PBXVariantGroup section */

/* Begin XCBuildConfiguration section */
		D27AE3C227DB626500A879C4 /* Debug */ = {
			isa = XCBuildConfiguration;
			buildSettings = {
				ALWAYS_SEARCH_USER_PATHS = NO;
				CLANG_ANALYZER_NONNULL = YES;
				CLANG_ANALYZER_NUMBER_OBJECT_CONVERSION = YES_AGGRESSIVE;
				CLANG_CXX_LANGUAGE_STANDARD = "gnu++17";
				CLANG_CXX_LIBRARY = "libc++";
				CLANG_ENABLE_MODULES = YES;
				CLANG_ENABLE_OBJC_ARC = YES;
				CLANG_ENABLE_OBJC_WEAK = YES;
				CLANG_WARN_BLOCK_CAPTURE_AUTORELEASING = YES;
				CLANG_WARN_BOOL_CONVERSION = YES;
				CLANG_WARN_COMMA = YES;
				CLANG_WARN_CONSTANT_CONVERSION = YES;
				CLANG_WARN_DEPRECATED_OBJC_IMPLEMENTATIONS = YES;
				CLANG_WARN_DIRECT_OBJC_ISA_USAGE = YES_ERROR;
				CLANG_WARN_DOCUMENTATION_COMMENTS = YES;
				CLANG_WARN_EMPTY_BODY = YES;
				CLANG_WARN_ENUM_CONVERSION = YES;
				CLANG_WARN_INFINITE_RECURSION = YES;
				CLANG_WARN_INT_CONVERSION = YES;
				CLANG_WARN_NON_LITERAL_NULL_CONVERSION = YES;
				CLANG_WARN_OBJC_IMPLICIT_RETAIN_SELF = YES;
				CLANG_WARN_OBJC_LITERAL_CONVERSION = YES;
				CLANG_WARN_OBJC_ROOT_CLASS = YES_ERROR;
				CLANG_WARN_QUOTED_INCLUDE_IN_FRAMEWORK_HEADER = YES;
				CLANG_WARN_RANGE_LOOP_ANALYSIS = YES;
				CLANG_WARN_STRICT_PROTOTYPES = YES;
				CLANG_WARN_SUSPICIOUS_MOVE = YES;
				CLANG_WARN_UNGUARDED_AVAILABILITY = YES_AGGRESSIVE;
				CLANG_WARN_UNREACHABLE_CODE = YES;
				CLANG_WARN__DUPLICATE_METHOD_MATCH = YES;
				COPY_PHASE_STRIP = NO;
				DEBUG_INFORMATION_FORMAT = dwarf;
				ENABLE_STRICT_OBJC_MSGSEND = YES;
				ENABLE_TESTABILITY = YES;
				GCC_C_LANGUAGE_STANDARD = gnu11;
				GCC_DYNAMIC_NO_PIC = NO;
				GCC_NO_COMMON_BLOCKS = YES;
				GCC_OPTIMIZATION_LEVEL = 0;
				GCC_PREPROCESSOR_DEFINITIONS = (
					"DEBUG=1",
					"$(inherited)",
				);
				GCC_WARN_64_TO_32_BIT_CONVERSION = YES;
				GCC_WARN_ABOUT_RETURN_TYPE = YES_ERROR;
				GCC_WARN_UNDECLARED_SELECTOR = YES;
				GCC_WARN_UNINITIALIZED_AUTOS = YES_AGGRESSIVE;
				GCC_WARN_UNUSED_FUNCTION = YES;
				GCC_WARN_UNUSED_VARIABLE = YES;
				IPHONEOS_DEPLOYMENT_TARGET = 15.2;
				MTL_ENABLE_DEBUG_INFO = INCLUDE_SOURCE;
				MTL_FAST_MATH = YES;
				ONLY_ACTIVE_ARCH = YES;
				SDKROOT = iphoneos;
				SWIFT_ACTIVE_COMPILATION_CONDITIONS = DEBUG;
				SWIFT_OPTIMIZATION_LEVEL = "-Onone";
			};
			name = Debug;
		};
		D27AE3C327DB626500A879C4 /* Release */ = {
			isa = XCBuildConfiguration;
			buildSettings = {
				ALWAYS_SEARCH_USER_PATHS = NO;
				CLANG_ANALYZER_NONNULL = YES;
				CLANG_ANALYZER_NUMBER_OBJECT_CONVERSION = YES_AGGRESSIVE;
				CLANG_CXX_LANGUAGE_STANDARD = "gnu++17";
				CLANG_CXX_LIBRARY = "libc++";
				CLANG_ENABLE_MODULES = YES;
				CLANG_ENABLE_OBJC_ARC = YES;
				CLANG_ENABLE_OBJC_WEAK = YES;
				CLANG_WARN_BLOCK_CAPTURE_AUTORELEASING = YES;
				CLANG_WARN_BOOL_CONVERSION = YES;
				CLANG_WARN_COMMA = YES;
				CLANG_WARN_CONSTANT_CONVERSION = YES;
				CLANG_WARN_DEPRECATED_OBJC_IMPLEMENTATIONS = YES;
				CLANG_WARN_DIRECT_OBJC_ISA_USAGE = YES_ERROR;
				CLANG_WARN_DOCUMENTATION_COMMENTS = YES;
				CLANG_WARN_EMPTY_BODY = YES;
				CLANG_WARN_ENUM_CONVERSION = YES;
				CLANG_WARN_INFINITE_RECURSION = YES;
				CLANG_WARN_INT_CONVERSION = YES;
				CLANG_WARN_NON_LITERAL_NULL_CONVERSION = YES;
				CLANG_WARN_OBJC_IMPLICIT_RETAIN_SELF = YES;
				CLANG_WARN_OBJC_LITERAL_CONVERSION = YES;
				CLANG_WARN_OBJC_ROOT_CLASS = YES_ERROR;
				CLANG_WARN_QUOTED_INCLUDE_IN_FRAMEWORK_HEADER = YES;
				CLANG_WARN_RANGE_LOOP_ANALYSIS = YES;
				CLANG_WARN_STRICT_PROTOTYPES = YES;
				CLANG_WARN_SUSPICIOUS_MOVE = YES;
				CLANG_WARN_UNGUARDED_AVAILABILITY = YES_AGGRESSIVE;
				CLANG_WARN_UNREACHABLE_CODE = YES;
				CLANG_WARN__DUPLICATE_METHOD_MATCH = YES;
				COPY_PHASE_STRIP = NO;
				DEBUG_INFORMATION_FORMAT = "dwarf-with-dsym";
				ENABLE_NS_ASSERTIONS = NO;
				ENABLE_STRICT_OBJC_MSGSEND = YES;
				GCC_C_LANGUAGE_STANDARD = gnu11;
				GCC_NO_COMMON_BLOCKS = YES;
				GCC_WARN_64_TO_32_BIT_CONVERSION = YES;
				GCC_WARN_ABOUT_RETURN_TYPE = YES_ERROR;
				GCC_WARN_UNDECLARED_SELECTOR = YES;
				GCC_WARN_UNINITIALIZED_AUTOS = YES_AGGRESSIVE;
				GCC_WARN_UNUSED_FUNCTION = YES;
				GCC_WARN_UNUSED_VARIABLE = YES;
				IPHONEOS_DEPLOYMENT_TARGET = 15.2;
				MTL_ENABLE_DEBUG_INFO = NO;
				MTL_FAST_MATH = YES;
				SDKROOT = iphoneos;
				SWIFT_COMPILATION_MODE = wholemodule;
				SWIFT_OPTIMIZATION_LEVEL = "-O";
				VALIDATE_PRODUCT = YES;
			};
			name = Release;
		};
		D27AE3C527DB626500A879C4 /* Debug */ = {
			isa = XCBuildConfiguration;
			buildSettings = {
				ASSETCATALOG_COMPILER_APPICON_NAME = AppIcon;
				ASSETCATALOG_COMPILER_GLOBAL_ACCENT_COLOR_NAME = AccentColor;
				CODE_SIGN_STYLE = Automatic;
				CURRENT_PROJECT_VERSION = 1;
				GENERATE_INFOPLIST_FILE = YES;
				INFOPLIST_FILE = Leandro_PokedexApp/Info.plist;
				INFOPLIST_KEY_UIApplicationSupportsIndirectInputEvents = YES;
				INFOPLIST_KEY_UILaunchStoryboardName = LaunchScreen;
				INFOPLIST_KEY_UIMainStoryboardFile = Main;
				INFOPLIST_KEY_UISupportedInterfaceOrientations_iPad = "UIInterfaceOrientationPortrait UIInterfaceOrientationPortraitUpsideDown UIInterfaceOrientationLandscapeLeft UIInterfaceOrientationLandscapeRight";
				INFOPLIST_KEY_UISupportedInterfaceOrientations_iPhone = "UIInterfaceOrientationPortrait UIInterfaceOrientationLandscapeLeft UIInterfaceOrientationLandscapeRight";
				LD_RUNPATH_SEARCH_PATHS = (
					"$(inherited)",
					"@executable_path/Frameworks",
				);
				MARKETING_VERSION = 1.0;
				PRODUCT_BUNDLE_IDENTIFIER = "com.leandro.banha.Leandro-PokedexApp";
				PRODUCT_NAME = "$(TARGET_NAME)";
				SWIFT_EMIT_LOC_STRINGS = YES;
				SWIFT_VERSION = 5.0;
				TARGETED_DEVICE_FAMILY = "1,2";
			};
			name = Debug;
		};
		D27AE3C627DB626500A879C4 /* Release */ = {
			isa = XCBuildConfiguration;
			buildSettings = {
				ASSETCATALOG_COMPILER_APPICON_NAME = AppIcon;
				ASSETCATALOG_COMPILER_GLOBAL_ACCENT_COLOR_NAME = AccentColor;
				CODE_SIGN_STYLE = Automatic;
				CURRENT_PROJECT_VERSION = 1;
				GENERATE_INFOPLIST_FILE = YES;
				INFOPLIST_FILE = Leandro_PokedexApp/Info.plist;
				INFOPLIST_KEY_UIApplicationSupportsIndirectInputEvents = YES;
				INFOPLIST_KEY_UILaunchStoryboardName = LaunchScreen;
				INFOPLIST_KEY_UIMainStoryboardFile = Main;
				INFOPLIST_KEY_UISupportedInterfaceOrientations_iPad = "UIInterfaceOrientationPortrait UIInterfaceOrientationPortraitUpsideDown UIInterfaceOrientationLandscapeLeft UIInterfaceOrientationLandscapeRight";
				INFOPLIST_KEY_UISupportedInterfaceOrientations_iPhone = "UIInterfaceOrientationPortrait UIInterfaceOrientationLandscapeLeft UIInterfaceOrientationLandscapeRight";
				LD_RUNPATH_SEARCH_PATHS = (
					"$(inherited)",
					"@executable_path/Frameworks",
				);
				MARKETING_VERSION = 1.0;
				PRODUCT_BUNDLE_IDENTIFIER = "com.leandro.banha.Leandro-PokedexApp";
				PRODUCT_NAME = "$(TARGET_NAME)";
				SWIFT_EMIT_LOC_STRINGS = YES;
				SWIFT_VERSION = 5.0;
				TARGETED_DEVICE_FAMILY = "1,2";
			};
			name = Release;
		};
/* End XCBuildConfiguration section */

/* Begin XCConfigurationList section */
		D27AE3AB27DB626400A879C4 /* Build configuration list for PBXProject "Leandro_PokedexApp" */ = {
			isa = XCConfigurationList;
			buildConfigurations = (
				D27AE3C227DB626500A879C4 /* Debug */,
				D27AE3C327DB626500A879C4 /* Release */,
			);
			defaultConfigurationIsVisible = 0;
			defaultConfigurationName = Release;
		};
		D27AE3C427DB626500A879C4 /* Build configuration list for PBXNativeTarget "Leandro_PokedexApp" */ = {
			isa = XCConfigurationList;
			buildConfigurations = (
				D27AE3C527DB626500A879C4 /* Debug */,
				D27AE3C627DB626500A879C4 /* Release */,
			);
			defaultConfigurationIsVisible = 0;
			defaultConfigurationName = Release;
		};
/* End XCConfigurationList section */
	};
	rootObject = D27AE3A827DB626400A879C4 /* Project object */;
}
